
Microsoft Visual Studio Solution File, Format Version 12.00
# Visual Studio Version 17
VisualStudioVersion = 17.4.33213.308
MinimumVisualStudioVersion = 10.0.40219.1
Project("{2150E333-8FDC-42A3-9474-1A3956D46DE8}") = "Chapter3-OOP", "Chapter3-OOP", "{E47B5BD6-FB1F-47AB-B3A1-A5B39B5A8257}"
EndProject
Project("{9A19103F-16F7-4668-BE54-9A1E7A4F7556}") = "Contructors", "Chapter3-OOP\Contructors\Contructors.csproj", "{7519FA53-6624-4191-8EBB-C20E925B4CCF}"
EndProject
Project("{9A19103F-16F7-4668-BE54-9A1E7A4F7556}") = "Recursion", "Chapter3-OOP\Recursion\Recursion.csproj", "{F3601D6C-1ACC-4B51-B3C1-0538B7E33D2C}"
EndProject
Project("{9A19103F-16F7-4668-BE54-9A1E7A4F7556}") = "Static", "Chapter3-OOP\Static\Static.csproj", "{016C6E0A-AAE3-4944-B826-52760E95D7D7}"
EndProject
Project("{9A19103F-16F7-4668-BE54-9A1E7A4F7556}") = "Destructor", "Chapter3-OOP\Destructor\Destructor.csproj", "{BA371D53-4FC7-4EAB-B584-81D89B202CA7}"
EndProject
Project("{9A19103F-16F7-4668-BE54-9A1E7A4F7556}") = "MainArgs", "Chapter3-OOP\MainArgs\MainArgs.csproj", "{33675166-B3C4-42BA-99C3-3E3368E5D8E6}"
EndProject
Project("{9A19103F-16F7-4668-BE54-9A1E7A4F7556}") = "Inheritance", "Chapter3-OOP\Inheritance\Inheritance.csproj", "{295A519D-663C-4F23-8BCB-8E331DEF7113}"
EndProject
Project("{FAE04EC0-301F-11D3-BF4B-00C04F79EFBC}") = "Encapsulation", "Chapter3-OOP\Encapsulation\Encapsulation.csproj", "{8279F73E-A599-4B52-BC1B-B6709DFEC67A}"
EndProject
Project("{FAE04EC0-301F-11D3-BF4B-00C04F79EFBC}") = "BaseObject", "Chapter3-OOP\BaseObject\BaseObject.csproj", "{FB1D979C-E7FE-4375-BA94-2272CBD18D7B}"
EndProject
Project("{FAE04EC0-301F-11D3-BF4B-00C04F79EFBC}") = "Abstract", "Chapter3-OOP\Abstract\Abstract.csproj", "{19DC1BD0-2EBB-4EBC-AA20-49FB70502CD2}"
EndProject
Global
	GlobalSection(SolutionConfigurationPlatforms) = preSolution
		Debug|Any CPU = Debug|Any CPU
		Release|Any CPU = Release|Any CPU
	EndGlobalSection
	GlobalSection(ProjectConfigurationPlatforms) = postSolution
		{7519FA53-6624-4191-8EBB-C20E925B4CCF}.Debug|Any CPU.ActiveCfg = Debug|Any CPU
		{7519FA53-6624-4191-8EBB-C20E925B4CCF}.Debug|Any CPU.Build.0 = Debug|Any CPU
		{7519FA53-6624-4191-8EBB-C20E925B4CCF}.Release|Any CPU.ActiveCfg = Release|Any CPU
		{7519FA53-6624-4191-8EBB-C20E925B4CCF}.Release|Any CPU.Build.0 = Release|Any CPU
		{F3601D6C-1ACC-4B51-B3C1-0538B7E33D2C}.Debug|Any CPU.ActiveCfg = Debug|Any CPU
		{F3601D6C-1ACC-4B51-B3C1-0538B7E33D2C}.Debug|Any CPU.Build.0 = Debug|Any CPU
		{F3601D6C-1ACC-4B51-B3C1-0538B7E33D2C}.Release|Any CPU.ActiveCfg = Release|Any CPU
		{F3601D6C-1ACC-4B51-B3C1-0538B7E33D2C}.Release|Any CPU.Build.0 = Release|Any CPU
		{016C6E0A-AAE3-4944-B826-52760E95D7D7}.Debug|Any CPU.ActiveCfg = Debug|Any CPU
		{016C6E0A-AAE3-4944-B826-52760E95D7D7}.Debug|Any CPU.Build.0 = Debug|Any CPU
		{016C6E0A-AAE3-4944-B826-52760E95D7D7}.Release|Any CPU.ActiveCfg = Release|Any CPU
		{016C6E0A-AAE3-4944-B826-52760E95D7D7}.Release|Any CPU.Build.0 = Release|Any CPU
		{BA371D53-4FC7-4EAB-B584-81D89B202CA7}.Debug|Any CPU.ActiveCfg = Debug|Any CPU
		{BA371D53-4FC7-4EAB-B584-81D89B202CA7}.Debug|Any CPU.Build.0 = Debug|Any CPU
		{BA371D53-4FC7-4EAB-B584-81D89B202CA7}.Release|Any CPU.ActiveCfg = Release|Any CPU
		{BA371D53-4FC7-4EAB-B584-81D89B202CA7}.Release|Any CPU.Build.0 = Release|Any CPU
		{33675166-B3C4-42BA-99C3-3E3368E5D8E6}.Debug|Any CPU.ActiveCfg = Debug|Any CPU
		{33675166-B3C4-42BA-99C3-3E3368E5D8E6}.Debug|Any CPU.Build.0 = Debug|Any CPU
		{33675166-B3C4-42BA-99C3-3E3368E5D8E6}.Release|Any CPU.ActiveCfg = Release|Any CPU
		{33675166-B3C4-42BA-99C3-3E3368E5D8E6}.Release|Any CPU.Build.0 = Release|Any CPU
		{295A519D-663C-4F23-8BCB-8E331DEF7113}.Debug|Any CPU.ActiveCfg = Debug|Any CPU
		{295A519D-663C-4F23-8BCB-8E331DEF7113}.Debug|Any CPU.Build.0 = Debug|Any CPU
		{295A519D-663C-4F23-8BCB-8E331DEF7113}.Release|Any CPU.ActiveCfg = Release|Any CPU
		{295A519D-663C-4F23-8BCB-8E331DEF7113}.Release|Any CPU.Build.0 = Release|Any CPU
		{8279F73E-A599-4B52-BC1B-B6709DFEC67A}.Debug|Any CPU.ActiveCfg = Debug|Any CPU
		{8279F73E-A599-4B52-BC1B-B6709DFEC67A}.Debug|Any CPU.Build.0 = Debug|Any CPU
		{8279F73E-A599-4B52-BC1B-B6709DFEC67A}.Release|Any CPU.ActiveCfg = Release|Any CPU
		{8279F73E-A599-4B52-BC1B-B6709DFEC67A}.Release|Any CPU.Build.0 = Release|Any CPU
		{FB1D979C-E7FE-4375-BA94-2272CBD18D7B}.Debug|Any CPU.ActiveCfg = Debug|Any CPU
		{FB1D979C-E7FE-4375-BA94-2272CBD18D7B}.Debug|Any CPU.Build.0 = Debug|Any CPU
		{FB1D979C-E7FE-4375-BA94-2272CBD18D7B}.Release|Any CPU.ActiveCfg = Release|Any CPU
		{FB1D979C-E7FE-4375-BA94-2272CBD18D7B}.Release|Any CPU.Build.0 = Release|Any CPU
		{19DC1BD0-2EBB-4EBC-AA20-49FB70502CD2}.Debug|Any CPU.ActiveCfg = Debug|Any CPU
		{19DC1BD0-2EBB-4EBC-AA20-49FB70502CD2}.Debug|Any CPU.Build.0 = Debug|Any CPU
		{19DC1BD0-2EBB-4EBC-AA20-49FB70502CD2}.Release|Any CPU.ActiveCfg = Release|Any CPU
		{19DC1BD0-2EBB-4EBC-AA20-49FB70502CD2}.Release|Any CPU.Build.0 = Release|Any CPU
	EndGlobalSection
	GlobalSection(SolutionProperties) = preSolution
		HideSolutionNode = FALSE
	EndGlobalSection
	GlobalSection(NestedProjects) = preSolution
		{7519FA53-6624-4191-8EBB-C20E925B4CCF} = {E47B5BD6-FB1F-47AB-B3A1-A5B39B5A8257}
		{F3601D6C-1ACC-4B51-B3C1-0538B7E33D2C} = {E47B5BD6-FB1F-47AB-B3A1-A5B39B5A8257}
		{016C6E0A-AAE3-4944-B826-52760E95D7D7} = {E47B5BD6-FB1F-47AB-B3A1-A5B39B5A8257}
		{BA371D53-4FC7-4EAB-B584-81D89B202CA7} = {E47B5BD6-FB1F-47AB-B3A1-A5B39B5A8257}
		{33675166-B3C4-42BA-99C3-3E3368E5D8E6} = {E47B5BD6-FB1F-47AB-B3A1-A5B39B5A8257}
		{295A519D-663C-4F23-8BCB-8E331DEF7113} = {E47B5BD6-FB1F-47AB-B3A1-A5B39B5A8257}
		{8279F73E-A599-4B52-BC1B-B6709DFEC67A} = {E47B5BD6-FB1F-47AB-B3A1-A5B39B5A8257}
		{FB1D979C-E7FE-4375-BA94-2272CBD18D7B} = {E47B5BD6-FB1F-47AB-B3A1-A5B39B5A8257}
		{19DC1BD0-2EBB-4EBC-AA20-49FB70502CD2} = {E47B5BD6-FB1F-47AB-B3A1-A5B39B5A8257}
	EndGlobalSection
	GlobalSection(ExtensibilityGlobals) = postSolution
		SolutionGuid = {2CCCCE95-5739-4F75-92EF-3DC588778E7B}
	EndGlobalSection
EndGlobal
