
Microsoft Visual Studio Solution File, Format Version 12.00
# Visual Studio Version 17
VisualStudioVersion = 17.4.33213.308
MinimumVisualStudioVersion = 10.0.40219.1
Project("{2150E333-8FDC-42A3-9474-1A3956D46DE8}") = "Chapter3-OOP", "Chapter3-OOP", "{E47B5BD6-FB1F-47AB-B3A1-A5B39B5A8257}"
EndProject
Project("{9A19103F-16F7-4668-BE54-9A1E7A4F7556}") = "Contructors", "Chapter3-OOP\Contructors\Contructors.csproj", "{7519FA53-6624-4191-8EBB-C20E925B4CCF}"
EndProject
Project("{9A19103F-16F7-4668-BE54-9A1E7A4F7556}") = "Recursion", "Chapter3-OOP\Recursion\Recursion.csproj", "{F3601D6C-1ACC-4B51-B3C1-0538B7E33D2C}"
EndProject
Project("{9A19103F-16F7-4668-BE54-9A1E7A4F7556}") = "Static", "Chapter3-OOP\Static\Static.csproj", "{016C6E0A-AAE3-4944-B826-52760E95D7D7}"
EndProject
Project("{9A19103F-16F7-4668-BE54-9A1E7A4F7556}") = "Destructor", "Chapter3-OOP\Destructor\Destructor.csproj", "{BA371D53-4FC7-4EAB-B584-81D89B202CA7}"
EndProject
Project("{9A19103F-16F7-4668-BE54-9A1E7A4F7556}") = "MainArgs", "Chapter3-OOP\MainArgs\MainArgs.csproj", "{33675166-B3C4-42BA-99C3-3E3368E5D8E6}"
EndProject
Project("{9A19103F-16F7-4668-BE54-9A1E7A4F7556}") = "Inheritance", "Chapter3-OOP\Inheritance\Inheritance.csproj", "{295A519D-663C-4F23-8BCB-8E331DEF7113}"
EndProject
Project("{9A19103F-16F7-4668-BE54-9A1E7A4F7556}") = "Encapsulation", "Chapter3-OOP\Encapsulation\Encapsulation.csproj", "{8279F73E-A599-4B52-BC1B-B6709DFEC67A}"
EndProject
Project("{9A19103F-16F7-4668-BE54-9A1E7A4F7556}") = "BaseObject", "Chapter3-OOP\BaseObject\BaseObject.csproj", "{FB1D979C-E7FE-4375-BA94-2272CBD18D7B}"
EndProject
Project("{9A19103F-16F7-4668-BE54-9A1E7A4F7556}") = "Abstract", "Chapter3-OOP\Abstract\Abstract.csproj", "{19DC1BD0-2EBB-4EBC-AA20-49FB70502CD2}"
EndProject
Project("{2150E333-8FDC-42A3-9474-1A3956D46DE8}") = "Chapter4-Console", "Chapter4-Console", "{2BD64882-6893-4617-BF7A-830BB149E39B}"
EndProject
Project("{9A19103F-16F7-4668-BE54-9A1E7A4F7556}") = "ConsoleApp", "Chapter4-Console\ConsoleApp\ConsoleApp.csproj", "{A9265C50-AA6C-4C5E-9974-12BE827E6319}"
EndProject
Project("{2150E333-8FDC-42A3-9474-1A3956D46DE8}") = "Chapter5-AdvancedDev", "Chapter5-AdvancedDev", "{841E86DD-341B-405B-B5DE-2BC3FE3DF7AF}"
EndProject
Project("{9A19103F-16F7-4668-BE54-9A1E7A4F7556}") = "CastAndConvert", "Chapter5-AdvancedDev\CastAndConvert\CastAndConvert.csproj", "{5E46721B-C37C-4C41-9F5C-EAE2A2798CBE}"
EndProject
Project("{9A19103F-16F7-4668-BE54-9A1E7A4F7556}") = "Enums", "Chapter5-AdvancedDev\Enums\Enums.csproj", "{8248F0C3-8D93-4161-91E5-1D1B0ABF69B1}"
EndProject
Project("{9A19103F-16F7-4668-BE54-9A1E7A4F7556}") = "Structs", "Chapter5-AdvancedDev\Structs\Structs.csproj", "{5C1A35A0-B679-4BDB-83B2-F8052928475C}"
EndProject
Project("{9A19103F-16F7-4668-BE54-9A1E7A4F7556}") = "DateAndTime", "Chapter5-AdvancedDev\DateAndTime\DateAndTime.csproj", "{F5E33783-128D-467E-9CF3-893C4C698F4F}"
EndProject
Project("{9A19103F-16F7-4668-BE54-9A1E7A4F7556}") = "Strings", "Chapter5-AdvancedDev\Strings\Strings.csproj", "{EF78A5A4-F0B4-4348-9745-C0D65154A376}"
EndProject
Project("{9A19103F-16F7-4668-BE54-9A1E7A4F7556}") = "OperatorsOverride", "Chapter5-AdvancedDev\OperatorsOverride\OperatorsOverride.csproj", "{B26BEAA2-9947-4BB8-9D54-E0D453CAE1FD}"
EndProject
Project("{9A19103F-16F7-4668-BE54-9A1E7A4F7556}") = "Generics", "Chapter5-AdvancedDev\Generics\Generics.csproj", "{0C48A79F-43CE-417C-A92D-4C31795E7281}"
EndProject
Project("{9A19103F-16F7-4668-BE54-9A1E7A4F7556}") = "AnonAndTuple", "Chapter5-AdvancedDev\AnonAndTuple\AnonAndTuple.csproj", "{9871CE12-E4F8-4BB5-B54D-AF2F705689A5}"
EndProject
Project("{2150E333-8FDC-42A3-9474-1A3956D46DE8}") = "Chapter6-Interface", "Chapter6-Interface", "{B58A666A-3F07-4405-A9E2-5185CF5730B6}"
EndProject
Project("{9A19103F-16F7-4668-BE54-9A1E7A4F7556}") = "Interface", "Chapter6-Interface\Interface\Interface.csproj", "{DF008D64-1C32-494C-95FC-A2E0DC9992CD}"
EndProject
Project("{9A19103F-16F7-4668-BE54-9A1E7A4F7556}") = "DefaultInterface", "Chapter6-Interface\DefaultInterface\DefaultInterface.csproj", "{46DB97B4-D5B3-46C2-A929-414A574D9273}"
EndProject
Project("{9A19103F-16F7-4668-BE54-9A1E7A4F7556}") = "SystemInterfaces", "Chapter6-Interface\SystemInterfaces\SystemInterfaces.csproj", "{44936EAA-6E6C-4D86-9A4D-A5C1399DFFD0}"
EndProject
Project("{2150E333-8FDC-42A3-9474-1A3956D46DE8}") = "Chapter7-Collections", "Chapter7-Collections", "{F55B490B-EA35-46C9-B08D-1A0978776F1C}"
EndProject
Project("{9A19103F-16F7-4668-BE54-9A1E7A4F7556}") = "BaseArray", "Chapter7-Collections\BaseArray\BaseArray.csproj", "{749B18EA-2D0F-4379-9E16-E7F9CA7B7AB7}"
EndProject
Project("{9A19103F-16F7-4668-BE54-9A1E7A4F7556}") = "MultirankAndJaggedArray", "Chapter7-Collections\MultirankAndJaggedArray\MultirankAndJaggedArray.csproj", "{772ED3C7-E05F-4854-AAB2-46D17B7E167C}"
EndProject
Project("{9A19103F-16F7-4668-BE54-9A1E7A4F7556}") = "ArrayList", "Chapter7-Collections\ArrayList\ArrayList.csproj", "{CC3217AE-3CBE-41E0-9866-5BFEB9EA79C2}"
EndProject
Project("{9A19103F-16F7-4668-BE54-9A1E7A4F7556}") = "OtherLists", "Chapter7-Collections\OtherLists\OtherLists.csproj", "{BF62C175-2FCE-4327-B44F-DB3A0789BF73}"
EndProject
Project("{9A19103F-16F7-4668-BE54-9A1E7A4F7556}") = "TypedLists", "Chapter7-Collections\TypedLists\TypedLists.csproj", "{1E4CC3C3-B814-4213-BB02-A76ABF6D82B1}"
EndProject
Project("{2150E333-8FDC-42A3-9474-1A3956D46DE8}") = "Chapter8-Exceptions", "Chapter8-Exceptions", "{6EC12837-B2E7-4F69-9F61-51B4F8E6CB6B}"
EndProject
Project("{9A19103F-16F7-4668-BE54-9A1E7A4F7556}") = "Exception", "Chapter8-Exceptions\Exception\Exception.csproj", "{5C216131-0EF6-4CD3-B460-45C3A56FC4E8}"
EndProject
Project("{9A19103F-16F7-4668-BE54-9A1E7A4F7556}") = "CustomExceptions", "Chapter8-Exceptions\CustomExceptions\CustomExceptions.csproj", "{C41F37CE-AF9D-45A1-95BC-32F2170B0D94}"
EndProject
Project("{9A19103F-16F7-4668-BE54-9A1E7A4F7556}") = "Overflow", "Chapter8-Exceptions\Overflow\Overflow.csproj", "{55B6928D-4581-4BD4-A933-2327304EF36B}"
EndProject
Project("{2150E333-8FDC-42A3-9474-1A3956D46DE8}") = "Chapter9-Events", "Chapter9-Events", "{310D1AE4-D70F-4A3A-A216-5E279B865711}"
EndProject
Project("{9A19103F-16F7-4668-BE54-9A1E7A4F7556}") = "Delegates", "Chapter9-Events\Delegates\Delegates.csproj", "{60FA9673-C4CF-4B06-BDF9-AD6723383519}"
EndProject
Project("{9A19103F-16F7-4668-BE54-9A1E7A4F7556}") = "CustomDelegates", "Chapter9-Events\CustomDelegates\CustomDelegates.csproj", "{FBEF03D9-0608-499B-A455-75A23B88A64F}"
EndProject
Project("{2150E333-8FDC-42A3-9474-1A3956D46DE8}") = "Chapter10-LINQ", "Chapter10-LINQ", "{FC65F5C2-0FE8-4603-AC54-86277DCB22F7}"
EndProject
Project("{9A19103F-16F7-4668-BE54-9A1E7A4F7556}") = "Linq", "Chapter10-LINQ\Linq\Linq.csproj", "{98CDEF85-E976-44F9-A300-925BA3DC719B}"
EndProject
Project("{9A19103F-16F7-4668-BE54-9A1E7A4F7556}") = "LinqXml", "Chapter10-LINQ\LinqXml\LinqXml.csproj", "{598CEEC2-AABD-48AC-8957-6A96C240A573}"
EndProject
Project("{2150E333-8FDC-42A3-9474-1A3956D46DE8}") = "Chapter11-Storage", "Chapter11-Storage", "{838BA862-65AA-4351-B47A-10DF09A7FB93}"
EndProject
Project("{9A19103F-16F7-4668-BE54-9A1E7A4F7556}") = "FileSystem", "Chapter11-Storage\FileSystem\FileSystem.csproj", "{9318D22F-7AE6-48A8-AE52-4E2F67922EF1}"
EndProject
Project("{9A19103F-16F7-4668-BE54-9A1E7A4F7556}") = "TextFiles", "Chapter11-Storage\TextFiles\TextFiles.csproj", "{3C90F9C4-9F1F-40E5-90AD-A480CC36C9C4}"
EndProject
Project("{9A19103F-16F7-4668-BE54-9A1E7A4F7556}") = "XmlFiles", "Chapter11-Storage\XmlFiles\XmlFiles.csproj", "{82A42327-F6E3-4181-BE96-A74F972C8534}"
EndProject
Project("{9A19103F-16F7-4668-BE54-9A1E7A4F7556}") = "MemoryFile", "Chapter11-Storage\MemoryFile\MemoryFile.csproj", "{2C668856-5A1A-43EA-B237-85DFE3648593}"
EndProject
Project("{2150E333-8FDC-42A3-9474-1A3956D46DE8}") = "Chapter12-MultiThreading", "Chapter12-MultiThreading", "{B12E0CAE-DAD3-4389-8991-3ECAA1BE4BEE}"
EndProject
Project("{9A19103F-16F7-4668-BE54-9A1E7A4F7556}") = "Threads", "Chapter12-MultiThreading\Threads\Threads.csproj", "{D1164E7B-310F-4CA2-A389-7190560AEFE6}"
EndProject
Project("{9A19103F-16F7-4668-BE54-9A1E7A4F7556}") = "Concurrency", "Chapter12-MultiThreading\Concurrency\Concurrency.csproj", "{D5A0671C-7D20-422C-A26C-E53BE9E23181}"
EndProject
Project("{9A19103F-16F7-4668-BE54-9A1E7A4F7556}") = "ThreadPool", "Chapter12-MultiThreading\ThreadPool\ThreadPool.csproj", "{AFD096C1-7464-4D4C-88EA-48EC1F523C3A}"
EndProject
Project("{9A19103F-16F7-4668-BE54-9A1E7A4F7556}") = "AsyncAwait", "Chapter12-MultiThreading\AsyncAwait\AsyncAwait.csproj", "{51AEF565-C1D9-47EF-B73F-CDF5D93DE2DE}"
EndProject
Project("{9A19103F-16F7-4668-BE54-9A1E7A4F7556}") = "LongAsync", "Chapter12-MultiThreading\LongAsync\LongAsync.csproj", "{08341D09-FAE5-4C5D-9366-F100B07345AD}"
EndProject
Project("{2150E333-8FDC-42A3-9474-1A3956D46DE8}") = "Chapter13-Web", "Chapter13-Web", "{91D48119-CD10-4B46-817D-3F7774F4F56F}"
EndProject
Project("{9A19103F-16F7-4668-BE54-9A1E7A4F7556}") = "FirstWeb", "Chapter13-Web\FirstWeb\FirstWeb.csproj", "{51E16F7C-F256-4AC7-AE4C-BE8F8A9AD620}"
EndProject
Project("{9A19103F-16F7-4668-BE54-9A1E7A4F7556}") = "Controllers", "Chapter13-Web\Controllers\Controllers.csproj", "{62F68F05-9478-4666-A368-D324DF8C89EB}"
EndProject
Project("{9A19103F-16F7-4668-BE54-9A1E7A4F7556}") = "Views", "Chapter13-Web\Views\Views.csproj", "{C93C9FE0-4CD6-4695-9540-515702DC3760}"
EndProject
Project("{9A19103F-16F7-4668-BE54-9A1E7A4F7556}") = "Layouts", "Chapter13-Web\LayoutsAndComponents\Layouts.csproj", "{48CB5892-3FDA-4C18-B85E-07D486E19652}"
EndProject
Project("{9A19103F-16F7-4668-BE54-9A1E7A4F7556}") = "PartialViews", "Chapter13-Web\PartialViews\PartialViews.csproj", "{6820F08D-E7A7-4FF3-8776-F1197011BD1F}"
EndProject
Project("{9A19103F-16F7-4668-BE54-9A1E7A4F7556}") = "Components", "Chapter13-Web\Components\Components.csproj", "{C3701071-C731-45FA-A990-B1F190504103}"
EndProject
Project("{9A19103F-16F7-4668-BE54-9A1E7A4F7556}") = "Sections", "Chapter13-Web\Sections\Sections.csproj", "{279616D8-2BCB-4CEF-8821-D7F794BBDD16}"
EndProject
Project("{9A19103F-16F7-4668-BE54-9A1E7A4F7556}") = "Forms", "Chapter13-Web\Forms\Forms.csproj", "{69A86F30-C2BB-4609-9BBC-611A5F03FE03}"
EndProject
Project("{9A19103F-16F7-4668-BE54-9A1E7A4F7556}") = "SessionsAndCookies", "Chapter13-Web\SessionsAndCookies\SessionsAndCookies.csproj", "{9789EB60-B71F-403C-977C-FB70721C0DAB}"
EndProject
Project("{2150E333-8FDC-42A3-9474-1A3956D46DE8}") = "Chapter14-ManagedCode", "Chapter14-ManagedCode", "{BF11E0EA-DBE7-4160-8259-ACAFFBC492FD}"
EndProject
Project("{9A19103F-16F7-4668-BE54-9A1E7A4F7556}") = "ReferenceAndValueTypes", "Chapter14-ManagedCode\ReferenceAndValueTypes\ReferenceAndValueTypes.csproj", "{E8CC48E7-AC62-4AD6-8261-35DC1E4DA24A}"
EndProject
Project("{9A19103F-16F7-4668-BE54-9A1E7A4F7556}") = "UnsafeCode", "Chapter14-ManagedCode\UnsafeCode\UnsafeCode.csproj", "{10222899-1CF0-48FB-A11E-A3576BCAE5DB}"
EndProject
Project("{9A19103F-16F7-4668-BE54-9A1E7A4F7556}") = "Memory", "Chapter14-ManagedCode\Memory\Memory.csproj", "{69334C09-D4AC-4F7D-8D61-28D065901D98}"
EndProject
Project("{9A19103F-16F7-4668-BE54-9A1E7A4F7556}") = "ExternalFunctions", "Chapter14-ManagedCode\ExternalFunctions\ExternalFunctions.csproj", "{A0D344C9-2D36-4369-A80D-8FC828D53158}"
EndProject
Project("{2150E333-8FDC-42A3-9474-1A3956D46DE8}") = "Chapter15-DataBase", "Chapter15-DataBase", "{D2E8D694-1D75-439B-89BE-C89EAFD7DF48}"
EndProject
Project("{9A19103F-16F7-4668-BE54-9A1E7A4F7556}") = "AdoNet", "Chapter15-DataBase\AdoNet\AdoNet.csproj", "{35F891F2-B310-4353-AAF9-8208345DEAAB}"
EndProject
Project("{2150E333-8FDC-42A3-9474-1A3956D46DE8}") = "Chapter16-CodeReuse", "Chapter16-CodeReuse", "{75D500DE-00B1-45D6-B8E9-08597A011873}"
EndProject
Project("{9A19103F-16F7-4668-BE54-9A1E7A4F7556}") = "Web", "Chapter16-CodeReuse\Web\Web.csproj", "{1FAF98E4-B6FD-4AE6-AC34-39FE77F7494A}"
EndProject
Project("{9A19103F-16F7-4668-BE54-9A1E7A4F7556}") = "Data", "Chapter16-CodeReuse\Data\Data.csproj", "{34EC4532-AD7C-452A-8FE0-AEADB1826CCE}"
EndProject
Project("{9A19103F-16F7-4668-BE54-9A1E7A4F7556}") = "Services", "Chapter16-CodeReuse\Services\Services.csproj", "{8C97FFD7-414D-415E-9334-8F961A7A087E}"
EndProject
Project("{2150E333-8FDC-42A3-9474-1A3956D46DE8}") = "Chapter17-Network", "Chapter17-Network", "{951CB711-F7CE-4995-85B5-37DAC6E291E7}"
EndProject
Project("{FAE04EC0-301F-11D3-BF4B-00C04F79EFBC}") = "Http", "Chapter17-Network\Http\Http.csproj", "{6EF116B3-6D4E-4FF8-AB5F-6DE21A850D3F}"
EndProject
Global
	GlobalSection(SolutionConfigurationPlatforms) = preSolution
		Debug|Any CPU = Debug|Any CPU
		Release|Any CPU = Release|Any CPU
	EndGlobalSection
	GlobalSection(ProjectConfigurationPlatforms) = postSolution
		{7519FA53-6624-4191-8EBB-C20E925B4CCF}.Debug|Any CPU.ActiveCfg = Debug|Any CPU
		{7519FA53-6624-4191-8EBB-C20E925B4CCF}.Debug|Any CPU.Build.0 = Debug|Any CPU
		{7519FA53-6624-4191-8EBB-C20E925B4CCF}.Release|Any CPU.ActiveCfg = Release|Any CPU
		{7519FA53-6624-4191-8EBB-C20E925B4CCF}.Release|Any CPU.Build.0 = Release|Any CPU
		{F3601D6C-1ACC-4B51-B3C1-0538B7E33D2C}.Debug|Any CPU.ActiveCfg = Debug|Any CPU
		{F3601D6C-1ACC-4B51-B3C1-0538B7E33D2C}.Debug|Any CPU.Build.0 = Debug|Any CPU
		{F3601D6C-1ACC-4B51-B3C1-0538B7E33D2C}.Release|Any CPU.ActiveCfg = Release|Any CPU
		{F3601D6C-1ACC-4B51-B3C1-0538B7E33D2C}.Release|Any CPU.Build.0 = Release|Any CPU
		{016C6E0A-AAE3-4944-B826-52760E95D7D7}.Debug|Any CPU.ActiveCfg = Debug|Any CPU
		{016C6E0A-AAE3-4944-B826-52760E95D7D7}.Debug|Any CPU.Build.0 = Debug|Any CPU
		{016C6E0A-AAE3-4944-B826-52760E95D7D7}.Release|Any CPU.ActiveCfg = Release|Any CPU
		{016C6E0A-AAE3-4944-B826-52760E95D7D7}.Release|Any CPU.Build.0 = Release|Any CPU
		{BA371D53-4FC7-4EAB-B584-81D89B202CA7}.Debug|Any CPU.ActiveCfg = Debug|Any CPU
		{BA371D53-4FC7-4EAB-B584-81D89B202CA7}.Debug|Any CPU.Build.0 = Debug|Any CPU
		{BA371D53-4FC7-4EAB-B584-81D89B202CA7}.Release|Any CPU.ActiveCfg = Release|Any CPU
		{BA371D53-4FC7-4EAB-B584-81D89B202CA7}.Release|Any CPU.Build.0 = Release|Any CPU
		{33675166-B3C4-42BA-99C3-3E3368E5D8E6}.Debug|Any CPU.ActiveCfg = Debug|Any CPU
		{33675166-B3C4-42BA-99C3-3E3368E5D8E6}.Debug|Any CPU.Build.0 = Debug|Any CPU
		{33675166-B3C4-42BA-99C3-3E3368E5D8E6}.Release|Any CPU.ActiveCfg = Release|Any CPU
		{33675166-B3C4-42BA-99C3-3E3368E5D8E6}.Release|Any CPU.Build.0 = Release|Any CPU
		{295A519D-663C-4F23-8BCB-8E331DEF7113}.Debug|Any CPU.ActiveCfg = Debug|Any CPU
		{295A519D-663C-4F23-8BCB-8E331DEF7113}.Debug|Any CPU.Build.0 = Debug|Any CPU
		{295A519D-663C-4F23-8BCB-8E331DEF7113}.Release|Any CPU.ActiveCfg = Release|Any CPU
		{295A519D-663C-4F23-8BCB-8E331DEF7113}.Release|Any CPU.Build.0 = Release|Any CPU
		{8279F73E-A599-4B52-BC1B-B6709DFEC67A}.Debug|Any CPU.ActiveCfg = Debug|Any CPU
		{8279F73E-A599-4B52-BC1B-B6709DFEC67A}.Debug|Any CPU.Build.0 = Debug|Any CPU
		{8279F73E-A599-4B52-BC1B-B6709DFEC67A}.Release|Any CPU.ActiveCfg = Release|Any CPU
		{8279F73E-A599-4B52-BC1B-B6709DFEC67A}.Release|Any CPU.Build.0 = Release|Any CPU
		{FB1D979C-E7FE-4375-BA94-2272CBD18D7B}.Debug|Any CPU.ActiveCfg = Debug|Any CPU
		{FB1D979C-E7FE-4375-BA94-2272CBD18D7B}.Debug|Any CPU.Build.0 = Debug|Any CPU
		{FB1D979C-E7FE-4375-BA94-2272CBD18D7B}.Release|Any CPU.ActiveCfg = Release|Any CPU
		{FB1D979C-E7FE-4375-BA94-2272CBD18D7B}.Release|Any CPU.Build.0 = Release|Any CPU
		{19DC1BD0-2EBB-4EBC-AA20-49FB70502CD2}.Debug|Any CPU.ActiveCfg = Debug|Any CPU
		{19DC1BD0-2EBB-4EBC-AA20-49FB70502CD2}.Debug|Any CPU.Build.0 = Debug|Any CPU
		{19DC1BD0-2EBB-4EBC-AA20-49FB70502CD2}.Release|Any CPU.ActiveCfg = Release|Any CPU
		{19DC1BD0-2EBB-4EBC-AA20-49FB70502CD2}.Release|Any CPU.Build.0 = Release|Any CPU
		{A9265C50-AA6C-4C5E-9974-12BE827E6319}.Debug|Any CPU.ActiveCfg = Debug|Any CPU
		{A9265C50-AA6C-4C5E-9974-12BE827E6319}.Debug|Any CPU.Build.0 = Debug|Any CPU
		{A9265C50-AA6C-4C5E-9974-12BE827E6319}.Release|Any CPU.ActiveCfg = Release|Any CPU
		{A9265C50-AA6C-4C5E-9974-12BE827E6319}.Release|Any CPU.Build.0 = Release|Any CPU
		{5E46721B-C37C-4C41-9F5C-EAE2A2798CBE}.Debug|Any CPU.ActiveCfg = Debug|Any CPU
		{5E46721B-C37C-4C41-9F5C-EAE2A2798CBE}.Debug|Any CPU.Build.0 = Debug|Any CPU
		{5E46721B-C37C-4C41-9F5C-EAE2A2798CBE}.Release|Any CPU.ActiveCfg = Release|Any CPU
		{5E46721B-C37C-4C41-9F5C-EAE2A2798CBE}.Release|Any CPU.Build.0 = Release|Any CPU
		{8248F0C3-8D93-4161-91E5-1D1B0ABF69B1}.Debug|Any CPU.ActiveCfg = Debug|Any CPU
		{8248F0C3-8D93-4161-91E5-1D1B0ABF69B1}.Debug|Any CPU.Build.0 = Debug|Any CPU
		{8248F0C3-8D93-4161-91E5-1D1B0ABF69B1}.Release|Any CPU.ActiveCfg = Release|Any CPU
		{8248F0C3-8D93-4161-91E5-1D1B0ABF69B1}.Release|Any CPU.Build.0 = Release|Any CPU
		{5C1A35A0-B679-4BDB-83B2-F8052928475C}.Debug|Any CPU.ActiveCfg = Debug|Any CPU
		{5C1A35A0-B679-4BDB-83B2-F8052928475C}.Debug|Any CPU.Build.0 = Debug|Any CPU
		{5C1A35A0-B679-4BDB-83B2-F8052928475C}.Release|Any CPU.ActiveCfg = Release|Any CPU
		{5C1A35A0-B679-4BDB-83B2-F8052928475C}.Release|Any CPU.Build.0 = Release|Any CPU
		{F5E33783-128D-467E-9CF3-893C4C698F4F}.Debug|Any CPU.ActiveCfg = Debug|Any CPU
		{F5E33783-128D-467E-9CF3-893C4C698F4F}.Debug|Any CPU.Build.0 = Debug|Any CPU
		{F5E33783-128D-467E-9CF3-893C4C698F4F}.Release|Any CPU.ActiveCfg = Release|Any CPU
		{F5E33783-128D-467E-9CF3-893C4C698F4F}.Release|Any CPU.Build.0 = Release|Any CPU
		{EF78A5A4-F0B4-4348-9745-C0D65154A376}.Debug|Any CPU.ActiveCfg = Debug|Any CPU
		{EF78A5A4-F0B4-4348-9745-C0D65154A376}.Debug|Any CPU.Build.0 = Debug|Any CPU
		{EF78A5A4-F0B4-4348-9745-C0D65154A376}.Release|Any CPU.ActiveCfg = Release|Any CPU
		{EF78A5A4-F0B4-4348-9745-C0D65154A376}.Release|Any CPU.Build.0 = Release|Any CPU
		{B26BEAA2-9947-4BB8-9D54-E0D453CAE1FD}.Debug|Any CPU.ActiveCfg = Debug|Any CPU
		{B26BEAA2-9947-4BB8-9D54-E0D453CAE1FD}.Debug|Any CPU.Build.0 = Debug|Any CPU
		{B26BEAA2-9947-4BB8-9D54-E0D453CAE1FD}.Release|Any CPU.ActiveCfg = Release|Any CPU
		{B26BEAA2-9947-4BB8-9D54-E0D453CAE1FD}.Release|Any CPU.Build.0 = Release|Any CPU
		{0C48A79F-43CE-417C-A92D-4C31795E7281}.Debug|Any CPU.ActiveCfg = Debug|Any CPU
		{0C48A79F-43CE-417C-A92D-4C31795E7281}.Debug|Any CPU.Build.0 = Debug|Any CPU
		{0C48A79F-43CE-417C-A92D-4C31795E7281}.Release|Any CPU.ActiveCfg = Release|Any CPU
		{0C48A79F-43CE-417C-A92D-4C31795E7281}.Release|Any CPU.Build.0 = Release|Any CPU
		{9871CE12-E4F8-4BB5-B54D-AF2F705689A5}.Debug|Any CPU.ActiveCfg = Debug|Any CPU
		{9871CE12-E4F8-4BB5-B54D-AF2F705689A5}.Debug|Any CPU.Build.0 = Debug|Any CPU
		{9871CE12-E4F8-4BB5-B54D-AF2F705689A5}.Release|Any CPU.ActiveCfg = Release|Any CPU
		{9871CE12-E4F8-4BB5-B54D-AF2F705689A5}.Release|Any CPU.Build.0 = Release|Any CPU
		{DF008D64-1C32-494C-95FC-A2E0DC9992CD}.Debug|Any CPU.ActiveCfg = Debug|Any CPU
		{DF008D64-1C32-494C-95FC-A2E0DC9992CD}.Debug|Any CPU.Build.0 = Debug|Any CPU
		{DF008D64-1C32-494C-95FC-A2E0DC9992CD}.Release|Any CPU.ActiveCfg = Release|Any CPU
		{DF008D64-1C32-494C-95FC-A2E0DC9992CD}.Release|Any CPU.Build.0 = Release|Any CPU
		{46DB97B4-D5B3-46C2-A929-414A574D9273}.Debug|Any CPU.ActiveCfg = Debug|Any CPU
		{46DB97B4-D5B3-46C2-A929-414A574D9273}.Debug|Any CPU.Build.0 = Debug|Any CPU
		{46DB97B4-D5B3-46C2-A929-414A574D9273}.Release|Any CPU.ActiveCfg = Release|Any CPU
		{46DB97B4-D5B3-46C2-A929-414A574D9273}.Release|Any CPU.Build.0 = Release|Any CPU
		{44936EAA-6E6C-4D86-9A4D-A5C1399DFFD0}.Debug|Any CPU.ActiveCfg = Debug|Any CPU
		{44936EAA-6E6C-4D86-9A4D-A5C1399DFFD0}.Debug|Any CPU.Build.0 = Debug|Any CPU
		{44936EAA-6E6C-4D86-9A4D-A5C1399DFFD0}.Release|Any CPU.ActiveCfg = Release|Any CPU
		{44936EAA-6E6C-4D86-9A4D-A5C1399DFFD0}.Release|Any CPU.Build.0 = Release|Any CPU
		{749B18EA-2D0F-4379-9E16-E7F9CA7B7AB7}.Debug|Any CPU.ActiveCfg = Debug|Any CPU
		{749B18EA-2D0F-4379-9E16-E7F9CA7B7AB7}.Debug|Any CPU.Build.0 = Debug|Any CPU
		{749B18EA-2D0F-4379-9E16-E7F9CA7B7AB7}.Release|Any CPU.ActiveCfg = Release|Any CPU
		{749B18EA-2D0F-4379-9E16-E7F9CA7B7AB7}.Release|Any CPU.Build.0 = Release|Any CPU
		{772ED3C7-E05F-4854-AAB2-46D17B7E167C}.Debug|Any CPU.ActiveCfg = Debug|Any CPU
		{772ED3C7-E05F-4854-AAB2-46D17B7E167C}.Debug|Any CPU.Build.0 = Debug|Any CPU
		{772ED3C7-E05F-4854-AAB2-46D17B7E167C}.Release|Any CPU.ActiveCfg = Release|Any CPU
		{772ED3C7-E05F-4854-AAB2-46D17B7E167C}.Release|Any CPU.Build.0 = Release|Any CPU
		{CC3217AE-3CBE-41E0-9866-5BFEB9EA79C2}.Debug|Any CPU.ActiveCfg = Debug|Any CPU
		{CC3217AE-3CBE-41E0-9866-5BFEB9EA79C2}.Debug|Any CPU.Build.0 = Debug|Any CPU
		{CC3217AE-3CBE-41E0-9866-5BFEB9EA79C2}.Release|Any CPU.ActiveCfg = Release|Any CPU
		{CC3217AE-3CBE-41E0-9866-5BFEB9EA79C2}.Release|Any CPU.Build.0 = Release|Any CPU
		{BF62C175-2FCE-4327-B44F-DB3A0789BF73}.Debug|Any CPU.ActiveCfg = Debug|Any CPU
		{BF62C175-2FCE-4327-B44F-DB3A0789BF73}.Debug|Any CPU.Build.0 = Debug|Any CPU
		{BF62C175-2FCE-4327-B44F-DB3A0789BF73}.Release|Any CPU.ActiveCfg = Release|Any CPU
		{BF62C175-2FCE-4327-B44F-DB3A0789BF73}.Release|Any CPU.Build.0 = Release|Any CPU
		{1E4CC3C3-B814-4213-BB02-A76ABF6D82B1}.Debug|Any CPU.ActiveCfg = Debug|Any CPU
		{1E4CC3C3-B814-4213-BB02-A76ABF6D82B1}.Debug|Any CPU.Build.0 = Debug|Any CPU
		{1E4CC3C3-B814-4213-BB02-A76ABF6D82B1}.Release|Any CPU.ActiveCfg = Release|Any CPU
		{1E4CC3C3-B814-4213-BB02-A76ABF6D82B1}.Release|Any CPU.Build.0 = Release|Any CPU
		{5C216131-0EF6-4CD3-B460-45C3A56FC4E8}.Debug|Any CPU.ActiveCfg = Debug|Any CPU
		{5C216131-0EF6-4CD3-B460-45C3A56FC4E8}.Debug|Any CPU.Build.0 = Debug|Any CPU
		{5C216131-0EF6-4CD3-B460-45C3A56FC4E8}.Release|Any CPU.ActiveCfg = Release|Any CPU
		{5C216131-0EF6-4CD3-B460-45C3A56FC4E8}.Release|Any CPU.Build.0 = Release|Any CPU
		{C41F37CE-AF9D-45A1-95BC-32F2170B0D94}.Debug|Any CPU.ActiveCfg = Debug|Any CPU
		{C41F37CE-AF9D-45A1-95BC-32F2170B0D94}.Debug|Any CPU.Build.0 = Debug|Any CPU
		{C41F37CE-AF9D-45A1-95BC-32F2170B0D94}.Release|Any CPU.ActiveCfg = Release|Any CPU
		{C41F37CE-AF9D-45A1-95BC-32F2170B0D94}.Release|Any CPU.Build.0 = Release|Any CPU
		{55B6928D-4581-4BD4-A933-2327304EF36B}.Debug|Any CPU.ActiveCfg = Debug|Any CPU
		{55B6928D-4581-4BD4-A933-2327304EF36B}.Debug|Any CPU.Build.0 = Debug|Any CPU
		{55B6928D-4581-4BD4-A933-2327304EF36B}.Release|Any CPU.ActiveCfg = Release|Any CPU
		{55B6928D-4581-4BD4-A933-2327304EF36B}.Release|Any CPU.Build.0 = Release|Any CPU
		{60FA9673-C4CF-4B06-BDF9-AD6723383519}.Debug|Any CPU.ActiveCfg = Debug|Any CPU
		{60FA9673-C4CF-4B06-BDF9-AD6723383519}.Debug|Any CPU.Build.0 = Debug|Any CPU
		{60FA9673-C4CF-4B06-BDF9-AD6723383519}.Release|Any CPU.ActiveCfg = Release|Any CPU
		{60FA9673-C4CF-4B06-BDF9-AD6723383519}.Release|Any CPU.Build.0 = Release|Any CPU
		{FBEF03D9-0608-499B-A455-75A23B88A64F}.Debug|Any CPU.ActiveCfg = Debug|Any CPU
		{FBEF03D9-0608-499B-A455-75A23B88A64F}.Debug|Any CPU.Build.0 = Debug|Any CPU
		{FBEF03D9-0608-499B-A455-75A23B88A64F}.Release|Any CPU.ActiveCfg = Release|Any CPU
		{FBEF03D9-0608-499B-A455-75A23B88A64F}.Release|Any CPU.Build.0 = Release|Any CPU
		{98CDEF85-E976-44F9-A300-925BA3DC719B}.Debug|Any CPU.ActiveCfg = Debug|Any CPU
		{98CDEF85-E976-44F9-A300-925BA3DC719B}.Debug|Any CPU.Build.0 = Debug|Any CPU
		{98CDEF85-E976-44F9-A300-925BA3DC719B}.Release|Any CPU.ActiveCfg = Release|Any CPU
		{98CDEF85-E976-44F9-A300-925BA3DC719B}.Release|Any CPU.Build.0 = Release|Any CPU
		{598CEEC2-AABD-48AC-8957-6A96C240A573}.Debug|Any CPU.ActiveCfg = Debug|Any CPU
		{598CEEC2-AABD-48AC-8957-6A96C240A573}.Debug|Any CPU.Build.0 = Debug|Any CPU
		{598CEEC2-AABD-48AC-8957-6A96C240A573}.Release|Any CPU.ActiveCfg = Release|Any CPU
		{598CEEC2-AABD-48AC-8957-6A96C240A573}.Release|Any CPU.Build.0 = Release|Any CPU
		{9318D22F-7AE6-48A8-AE52-4E2F67922EF1}.Debug|Any CPU.ActiveCfg = Debug|Any CPU
		{9318D22F-7AE6-48A8-AE52-4E2F67922EF1}.Debug|Any CPU.Build.0 = Debug|Any CPU
		{9318D22F-7AE6-48A8-AE52-4E2F67922EF1}.Release|Any CPU.ActiveCfg = Release|Any CPU
		{9318D22F-7AE6-48A8-AE52-4E2F67922EF1}.Release|Any CPU.Build.0 = Release|Any CPU
		{3C90F9C4-9F1F-40E5-90AD-A480CC36C9C4}.Debug|Any CPU.ActiveCfg = Debug|Any CPU
		{3C90F9C4-9F1F-40E5-90AD-A480CC36C9C4}.Debug|Any CPU.Build.0 = Debug|Any CPU
		{3C90F9C4-9F1F-40E5-90AD-A480CC36C9C4}.Release|Any CPU.ActiveCfg = Release|Any CPU
		{3C90F9C4-9F1F-40E5-90AD-A480CC36C9C4}.Release|Any CPU.Build.0 = Release|Any CPU
		{82A42327-F6E3-4181-BE96-A74F972C8534}.Debug|Any CPU.ActiveCfg = Debug|Any CPU
		{82A42327-F6E3-4181-BE96-A74F972C8534}.Debug|Any CPU.Build.0 = Debug|Any CPU
		{82A42327-F6E3-4181-BE96-A74F972C8534}.Release|Any CPU.ActiveCfg = Release|Any CPU
		{82A42327-F6E3-4181-BE96-A74F972C8534}.Release|Any CPU.Build.0 = Release|Any CPU
		{2C668856-5A1A-43EA-B237-85DFE3648593}.Debug|Any CPU.ActiveCfg = Debug|Any CPU
		{2C668856-5A1A-43EA-B237-85DFE3648593}.Debug|Any CPU.Build.0 = Debug|Any CPU
		{2C668856-5A1A-43EA-B237-85DFE3648593}.Release|Any CPU.ActiveCfg = Release|Any CPU
		{2C668856-5A1A-43EA-B237-85DFE3648593}.Release|Any CPU.Build.0 = Release|Any CPU
		{D1164E7B-310F-4CA2-A389-7190560AEFE6}.Debug|Any CPU.ActiveCfg = Debug|Any CPU
		{D1164E7B-310F-4CA2-A389-7190560AEFE6}.Debug|Any CPU.Build.0 = Debug|Any CPU
		{D1164E7B-310F-4CA2-A389-7190560AEFE6}.Release|Any CPU.ActiveCfg = Release|Any CPU
		{D1164E7B-310F-4CA2-A389-7190560AEFE6}.Release|Any CPU.Build.0 = Release|Any CPU
		{D5A0671C-7D20-422C-A26C-E53BE9E23181}.Debug|Any CPU.ActiveCfg = Debug|Any CPU
		{D5A0671C-7D20-422C-A26C-E53BE9E23181}.Debug|Any CPU.Build.0 = Debug|Any CPU
		{D5A0671C-7D20-422C-A26C-E53BE9E23181}.Release|Any CPU.ActiveCfg = Release|Any CPU
		{D5A0671C-7D20-422C-A26C-E53BE9E23181}.Release|Any CPU.Build.0 = Release|Any CPU
		{AFD096C1-7464-4D4C-88EA-48EC1F523C3A}.Debug|Any CPU.ActiveCfg = Debug|Any CPU
		{AFD096C1-7464-4D4C-88EA-48EC1F523C3A}.Debug|Any CPU.Build.0 = Debug|Any CPU
		{AFD096C1-7464-4D4C-88EA-48EC1F523C3A}.Release|Any CPU.ActiveCfg = Release|Any CPU
		{AFD096C1-7464-4D4C-88EA-48EC1F523C3A}.Release|Any CPU.Build.0 = Release|Any CPU
		{51AEF565-C1D9-47EF-B73F-CDF5D93DE2DE}.Debug|Any CPU.ActiveCfg = Debug|Any CPU
		{51AEF565-C1D9-47EF-B73F-CDF5D93DE2DE}.Debug|Any CPU.Build.0 = Debug|Any CPU
		{51AEF565-C1D9-47EF-B73F-CDF5D93DE2DE}.Release|Any CPU.ActiveCfg = Release|Any CPU
		{51AEF565-C1D9-47EF-B73F-CDF5D93DE2DE}.Release|Any CPU.Build.0 = Release|Any CPU
		{08341D09-FAE5-4C5D-9366-F100B07345AD}.Debug|Any CPU.ActiveCfg = Debug|Any CPU
		{08341D09-FAE5-4C5D-9366-F100B07345AD}.Debug|Any CPU.Build.0 = Debug|Any CPU
		{08341D09-FAE5-4C5D-9366-F100B07345AD}.Release|Any CPU.ActiveCfg = Release|Any CPU
		{08341D09-FAE5-4C5D-9366-F100B07345AD}.Release|Any CPU.Build.0 = Release|Any CPU
		{51E16F7C-F256-4AC7-AE4C-BE8F8A9AD620}.Debug|Any CPU.ActiveCfg = Debug|Any CPU
		{51E16F7C-F256-4AC7-AE4C-BE8F8A9AD620}.Debug|Any CPU.Build.0 = Debug|Any CPU
		{51E16F7C-F256-4AC7-AE4C-BE8F8A9AD620}.Release|Any CPU.ActiveCfg = Release|Any CPU
		{51E16F7C-F256-4AC7-AE4C-BE8F8A9AD620}.Release|Any CPU.Build.0 = Release|Any CPU
		{62F68F05-9478-4666-A368-D324DF8C89EB}.Debug|Any CPU.ActiveCfg = Debug|Any CPU
		{62F68F05-9478-4666-A368-D324DF8C89EB}.Debug|Any CPU.Build.0 = Debug|Any CPU
		{62F68F05-9478-4666-A368-D324DF8C89EB}.Release|Any CPU.ActiveCfg = Release|Any CPU
		{62F68F05-9478-4666-A368-D324DF8C89EB}.Release|Any CPU.Build.0 = Release|Any CPU
		{C93C9FE0-4CD6-4695-9540-515702DC3760}.Debug|Any CPU.ActiveCfg = Debug|Any CPU
		{C93C9FE0-4CD6-4695-9540-515702DC3760}.Debug|Any CPU.Build.0 = Debug|Any CPU
		{C93C9FE0-4CD6-4695-9540-515702DC3760}.Release|Any CPU.ActiveCfg = Release|Any CPU
		{C93C9FE0-4CD6-4695-9540-515702DC3760}.Release|Any CPU.Build.0 = Release|Any CPU
		{48CB5892-3FDA-4C18-B85E-07D486E19652}.Debug|Any CPU.ActiveCfg = Debug|Any CPU
		{48CB5892-3FDA-4C18-B85E-07D486E19652}.Debug|Any CPU.Build.0 = Debug|Any CPU
		{48CB5892-3FDA-4C18-B85E-07D486E19652}.Release|Any CPU.ActiveCfg = Release|Any CPU
		{48CB5892-3FDA-4C18-B85E-07D486E19652}.Release|Any CPU.Build.0 = Release|Any CPU
		{6820F08D-E7A7-4FF3-8776-F1197011BD1F}.Debug|Any CPU.ActiveCfg = Debug|Any CPU
		{6820F08D-E7A7-4FF3-8776-F1197011BD1F}.Debug|Any CPU.Build.0 = Debug|Any CPU
		{6820F08D-E7A7-4FF3-8776-F1197011BD1F}.Release|Any CPU.ActiveCfg = Release|Any CPU
		{6820F08D-E7A7-4FF3-8776-F1197011BD1F}.Release|Any CPU.Build.0 = Release|Any CPU
		{C3701071-C731-45FA-A990-B1F190504103}.Debug|Any CPU.ActiveCfg = Debug|Any CPU
		{C3701071-C731-45FA-A990-B1F190504103}.Debug|Any CPU.Build.0 = Debug|Any CPU
		{C3701071-C731-45FA-A990-B1F190504103}.Release|Any CPU.ActiveCfg = Release|Any CPU
		{C3701071-C731-45FA-A990-B1F190504103}.Release|Any CPU.Build.0 = Release|Any CPU
		{279616D8-2BCB-4CEF-8821-D7F794BBDD16}.Debug|Any CPU.ActiveCfg = Debug|Any CPU
		{279616D8-2BCB-4CEF-8821-D7F794BBDD16}.Debug|Any CPU.Build.0 = Debug|Any CPU
		{279616D8-2BCB-4CEF-8821-D7F794BBDD16}.Release|Any CPU.ActiveCfg = Release|Any CPU
		{279616D8-2BCB-4CEF-8821-D7F794BBDD16}.Release|Any CPU.Build.0 = Release|Any CPU
		{69A86F30-C2BB-4609-9BBC-611A5F03FE03}.Debug|Any CPU.ActiveCfg = Debug|Any CPU
		{69A86F30-C2BB-4609-9BBC-611A5F03FE03}.Debug|Any CPU.Build.0 = Debug|Any CPU
		{69A86F30-C2BB-4609-9BBC-611A5F03FE03}.Release|Any CPU.ActiveCfg = Release|Any CPU
		{69A86F30-C2BB-4609-9BBC-611A5F03FE03}.Release|Any CPU.Build.0 = Release|Any CPU
		{9789EB60-B71F-403C-977C-FB70721C0DAB}.Debug|Any CPU.ActiveCfg = Debug|Any CPU
		{9789EB60-B71F-403C-977C-FB70721C0DAB}.Debug|Any CPU.Build.0 = Debug|Any CPU
		{9789EB60-B71F-403C-977C-FB70721C0DAB}.Release|Any CPU.ActiveCfg = Release|Any CPU
		{9789EB60-B71F-403C-977C-FB70721C0DAB}.Release|Any CPU.Build.0 = Release|Any CPU
		{E8CC48E7-AC62-4AD6-8261-35DC1E4DA24A}.Debug|Any CPU.ActiveCfg = Debug|Any CPU
		{E8CC48E7-AC62-4AD6-8261-35DC1E4DA24A}.Debug|Any CPU.Build.0 = Debug|Any CPU
		{E8CC48E7-AC62-4AD6-8261-35DC1E4DA24A}.Release|Any CPU.ActiveCfg = Release|Any CPU
		{E8CC48E7-AC62-4AD6-8261-35DC1E4DA24A}.Release|Any CPU.Build.0 = Release|Any CPU
		{10222899-1CF0-48FB-A11E-A3576BCAE5DB}.Debug|Any CPU.ActiveCfg = Debug|Any CPU
		{10222899-1CF0-48FB-A11E-A3576BCAE5DB}.Debug|Any CPU.Build.0 = Debug|Any CPU
		{10222899-1CF0-48FB-A11E-A3576BCAE5DB}.Release|Any CPU.ActiveCfg = Release|Any CPU
		{10222899-1CF0-48FB-A11E-A3576BCAE5DB}.Release|Any CPU.Build.0 = Release|Any CPU
		{69334C09-D4AC-4F7D-8D61-28D065901D98}.Debug|Any CPU.ActiveCfg = Debug|Any CPU
		{69334C09-D4AC-4F7D-8D61-28D065901D98}.Debug|Any CPU.Build.0 = Debug|Any CPU
		{69334C09-D4AC-4F7D-8D61-28D065901D98}.Release|Any CPU.ActiveCfg = Release|Any CPU
		{69334C09-D4AC-4F7D-8D61-28D065901D98}.Release|Any CPU.Build.0 = Release|Any CPU
		{A0D344C9-2D36-4369-A80D-8FC828D53158}.Debug|Any CPU.ActiveCfg = Debug|Any CPU
		{A0D344C9-2D36-4369-A80D-8FC828D53158}.Debug|Any CPU.Build.0 = Debug|Any CPU
		{A0D344C9-2D36-4369-A80D-8FC828D53158}.Release|Any CPU.ActiveCfg = Release|Any CPU
		{A0D344C9-2D36-4369-A80D-8FC828D53158}.Release|Any CPU.Build.0 = Release|Any CPU
		{35F891F2-B310-4353-AAF9-8208345DEAAB}.Debug|Any CPU.ActiveCfg = Debug|Any CPU
		{35F891F2-B310-4353-AAF9-8208345DEAAB}.Debug|Any CPU.Build.0 = Debug|Any CPU
		{35F891F2-B310-4353-AAF9-8208345DEAAB}.Release|Any CPU.ActiveCfg = Release|Any CPU
		{35F891F2-B310-4353-AAF9-8208345DEAAB}.Release|Any CPU.Build.0 = Release|Any CPU
		{1FAF98E4-B6FD-4AE6-AC34-39FE77F7494A}.Debug|Any CPU.ActiveCfg = Debug|Any CPU
		{1FAF98E4-B6FD-4AE6-AC34-39FE77F7494A}.Debug|Any CPU.Build.0 = Debug|Any CPU
		{1FAF98E4-B6FD-4AE6-AC34-39FE77F7494A}.Release|Any CPU.ActiveCfg = Release|Any CPU
		{1FAF98E4-B6FD-4AE6-AC34-39FE77F7494A}.Release|Any CPU.Build.0 = Release|Any CPU
		{34EC4532-AD7C-452A-8FE0-AEADB1826CCE}.Debug|Any CPU.ActiveCfg = Debug|Any CPU
		{34EC4532-AD7C-452A-8FE0-AEADB1826CCE}.Debug|Any CPU.Build.0 = Debug|Any CPU
		{34EC4532-AD7C-452A-8FE0-AEADB1826CCE}.Release|Any CPU.ActiveCfg = Release|Any CPU
		{34EC4532-AD7C-452A-8FE0-AEADB1826CCE}.Release|Any CPU.Build.0 = Release|Any CPU
		{8C97FFD7-414D-415E-9334-8F961A7A087E}.Debug|Any CPU.ActiveCfg = Debug|Any CPU
		{8C97FFD7-414D-415E-9334-8F961A7A087E}.Debug|Any CPU.Build.0 = Debug|Any CPU
		{8C97FFD7-414D-415E-9334-8F961A7A087E}.Release|Any CPU.ActiveCfg = Release|Any CPU
		{8C97FFD7-414D-415E-9334-8F961A7A087E}.Release|Any CPU.Build.0 = Release|Any CPU
		{6EF116B3-6D4E-4FF8-AB5F-6DE21A850D3F}.Debug|Any CPU.ActiveCfg = Debug|Any CPU
		{6EF116B3-6D4E-4FF8-AB5F-6DE21A850D3F}.Debug|Any CPU.Build.0 = Debug|Any CPU
		{6EF116B3-6D4E-4FF8-AB5F-6DE21A850D3F}.Release|Any CPU.ActiveCfg = Release|Any CPU
		{6EF116B3-6D4E-4FF8-AB5F-6DE21A850D3F}.Release|Any CPU.Build.0 = Release|Any CPU
	EndGlobalSection
	GlobalSection(SolutionProperties) = preSolution
		HideSolutionNode = FALSE
	EndGlobalSection
	GlobalSection(NestedProjects) = preSolution
		{7519FA53-6624-4191-8EBB-C20E925B4CCF} = {E47B5BD6-FB1F-47AB-B3A1-A5B39B5A8257}
		{F3601D6C-1ACC-4B51-B3C1-0538B7E33D2C} = {E47B5BD6-FB1F-47AB-B3A1-A5B39B5A8257}
		{016C6E0A-AAE3-4944-B826-52760E95D7D7} = {E47B5BD6-FB1F-47AB-B3A1-A5B39B5A8257}
		{BA371D53-4FC7-4EAB-B584-81D89B202CA7} = {E47B5BD6-FB1F-47AB-B3A1-A5B39B5A8257}
		{33675166-B3C4-42BA-99C3-3E3368E5D8E6} = {E47B5BD6-FB1F-47AB-B3A1-A5B39B5A8257}
		{295A519D-663C-4F23-8BCB-8E331DEF7113} = {E47B5BD6-FB1F-47AB-B3A1-A5B39B5A8257}
		{8279F73E-A599-4B52-BC1B-B6709DFEC67A} = {E47B5BD6-FB1F-47AB-B3A1-A5B39B5A8257}
		{FB1D979C-E7FE-4375-BA94-2272CBD18D7B} = {E47B5BD6-FB1F-47AB-B3A1-A5B39B5A8257}
		{19DC1BD0-2EBB-4EBC-AA20-49FB70502CD2} = {E47B5BD6-FB1F-47AB-B3A1-A5B39B5A8257}
		{A9265C50-AA6C-4C5E-9974-12BE827E6319} = {2BD64882-6893-4617-BF7A-830BB149E39B}
		{5E46721B-C37C-4C41-9F5C-EAE2A2798CBE} = {841E86DD-341B-405B-B5DE-2BC3FE3DF7AF}
		{8248F0C3-8D93-4161-91E5-1D1B0ABF69B1} = {841E86DD-341B-405B-B5DE-2BC3FE3DF7AF}
		{5C1A35A0-B679-4BDB-83B2-F8052928475C} = {841E86DD-341B-405B-B5DE-2BC3FE3DF7AF}
		{F5E33783-128D-467E-9CF3-893C4C698F4F} = {841E86DD-341B-405B-B5DE-2BC3FE3DF7AF}
		{EF78A5A4-F0B4-4348-9745-C0D65154A376} = {841E86DD-341B-405B-B5DE-2BC3FE3DF7AF}
		{B26BEAA2-9947-4BB8-9D54-E0D453CAE1FD} = {841E86DD-341B-405B-B5DE-2BC3FE3DF7AF}
		{0C48A79F-43CE-417C-A92D-4C31795E7281} = {841E86DD-341B-405B-B5DE-2BC3FE3DF7AF}
		{9871CE12-E4F8-4BB5-B54D-AF2F705689A5} = {841E86DD-341B-405B-B5DE-2BC3FE3DF7AF}
		{DF008D64-1C32-494C-95FC-A2E0DC9992CD} = {B58A666A-3F07-4405-A9E2-5185CF5730B6}
		{46DB97B4-D5B3-46C2-A929-414A574D9273} = {B58A666A-3F07-4405-A9E2-5185CF5730B6}
		{44936EAA-6E6C-4D86-9A4D-A5C1399DFFD0} = {B58A666A-3F07-4405-A9E2-5185CF5730B6}
		{749B18EA-2D0F-4379-9E16-E7F9CA7B7AB7} = {F55B490B-EA35-46C9-B08D-1A0978776F1C}
		{772ED3C7-E05F-4854-AAB2-46D17B7E167C} = {F55B490B-EA35-46C9-B08D-1A0978776F1C}
		{CC3217AE-3CBE-41E0-9866-5BFEB9EA79C2} = {F55B490B-EA35-46C9-B08D-1A0978776F1C}
		{BF62C175-2FCE-4327-B44F-DB3A0789BF73} = {F55B490B-EA35-46C9-B08D-1A0978776F1C}
		{1E4CC3C3-B814-4213-BB02-A76ABF6D82B1} = {F55B490B-EA35-46C9-B08D-1A0978776F1C}
		{5C216131-0EF6-4CD3-B460-45C3A56FC4E8} = {6EC12837-B2E7-4F69-9F61-51B4F8E6CB6B}
		{C41F37CE-AF9D-45A1-95BC-32F2170B0D94} = {6EC12837-B2E7-4F69-9F61-51B4F8E6CB6B}
		{55B6928D-4581-4BD4-A933-2327304EF36B} = {6EC12837-B2E7-4F69-9F61-51B4F8E6CB6B}
		{60FA9673-C4CF-4B06-BDF9-AD6723383519} = {310D1AE4-D70F-4A3A-A216-5E279B865711}
		{FBEF03D9-0608-499B-A455-75A23B88A64F} = {310D1AE4-D70F-4A3A-A216-5E279B865711}
		{98CDEF85-E976-44F9-A300-925BA3DC719B} = {FC65F5C2-0FE8-4603-AC54-86277DCB22F7}
		{598CEEC2-AABD-48AC-8957-6A96C240A573} = {FC65F5C2-0FE8-4603-AC54-86277DCB22F7}
		{9318D22F-7AE6-48A8-AE52-4E2F67922EF1} = {838BA862-65AA-4351-B47A-10DF09A7FB93}
		{3C90F9C4-9F1F-40E5-90AD-A480CC36C9C4} = {838BA862-65AA-4351-B47A-10DF09A7FB93}
		{82A42327-F6E3-4181-BE96-A74F972C8534} = {838BA862-65AA-4351-B47A-10DF09A7FB93}
		{2C668856-5A1A-43EA-B237-85DFE3648593} = {838BA862-65AA-4351-B47A-10DF09A7FB93}
		{D1164E7B-310F-4CA2-A389-7190560AEFE6} = {B12E0CAE-DAD3-4389-8991-3ECAA1BE4BEE}
		{D5A0671C-7D20-422C-A26C-E53BE9E23181} = {B12E0CAE-DAD3-4389-8991-3ECAA1BE4BEE}
		{AFD096C1-7464-4D4C-88EA-48EC1F523C3A} = {B12E0CAE-DAD3-4389-8991-3ECAA1BE4BEE}
		{51AEF565-C1D9-47EF-B73F-CDF5D93DE2DE} = {B12E0CAE-DAD3-4389-8991-3ECAA1BE4BEE}
		{08341D09-FAE5-4C5D-9366-F100B07345AD} = {B12E0CAE-DAD3-4389-8991-3ECAA1BE4BEE}
		{51E16F7C-F256-4AC7-AE4C-BE8F8A9AD620} = {91D48119-CD10-4B46-817D-3F7774F4F56F}
		{62F68F05-9478-4666-A368-D324DF8C89EB} = {91D48119-CD10-4B46-817D-3F7774F4F56F}
		{C93C9FE0-4CD6-4695-9540-515702DC3760} = {91D48119-CD10-4B46-817D-3F7774F4F56F}
		{48CB5892-3FDA-4C18-B85E-07D486E19652} = {91D48119-CD10-4B46-817D-3F7774F4F56F}
		{6820F08D-E7A7-4FF3-8776-F1197011BD1F} = {91D48119-CD10-4B46-817D-3F7774F4F56F}
		{C3701071-C731-45FA-A990-B1F190504103} = {91D48119-CD10-4B46-817D-3F7774F4F56F}
		{279616D8-2BCB-4CEF-8821-D7F794BBDD16} = {91D48119-CD10-4B46-817D-3F7774F4F56F}
		{69A86F30-C2BB-4609-9BBC-611A5F03FE03} = {91D48119-CD10-4B46-817D-3F7774F4F56F}
		{9789EB60-B71F-403C-977C-FB70721C0DAB} = {91D48119-CD10-4B46-817D-3F7774F4F56F}
		{E8CC48E7-AC62-4AD6-8261-35DC1E4DA24A} = {BF11E0EA-DBE7-4160-8259-ACAFFBC492FD}
		{10222899-1CF0-48FB-A11E-A3576BCAE5DB} = {BF11E0EA-DBE7-4160-8259-ACAFFBC492FD}
		{69334C09-D4AC-4F7D-8D61-28D065901D98} = {BF11E0EA-DBE7-4160-8259-ACAFFBC492FD}
		{A0D344C9-2D36-4369-A80D-8FC828D53158} = {BF11E0EA-DBE7-4160-8259-ACAFFBC492FD}
		{35F891F2-B310-4353-AAF9-8208345DEAAB} = {D2E8D694-1D75-439B-89BE-C89EAFD7DF48}
		{1FAF98E4-B6FD-4AE6-AC34-39FE77F7494A} = {75D500DE-00B1-45D6-B8E9-08597A011873}
		{34EC4532-AD7C-452A-8FE0-AEADB1826CCE} = {75D500DE-00B1-45D6-B8E9-08597A011873}
		{8C97FFD7-414D-415E-9334-8F961A7A087E} = {75D500DE-00B1-45D6-B8E9-08597A011873}
		{6EF116B3-6D4E-4FF8-AB5F-6DE21A850D3F} = {951CB711-F7CE-4995-85B5-37DAC6E291E7}
	EndGlobalSection
	GlobalSection(ExtensibilityGlobals) = postSolution
		SolutionGuid = {2CCCCE95-5739-4F75-92EF-3DC588778E7B}
	EndGlobalSection
EndGlobal
